// !$*UTF8*$!
{
	archiveVersion = 1;
	classes = {
	};
	objectVersion = 56;
	objects = {

/* Begin PBXBuildFile section */
		23CBBFB82C8300660066AE12 /* WizNoteApp.swift in Sources */ = {isa = PBXBuildFile; fileRef = 23CBBFB72C8300660066AE12 /* WizNoteApp.swift */; };
		23CBBFBA2C8300660066AE12 /* ContentView.swift in Sources */ = {isa = PBXBuildFile; fileRef = 23CBBFB92C8300660066AE12 /* ContentView.swift */; };
		23CBBFBC2C8300670066AE12 /* Assets.xcassets in Resources */ = {isa = PBXBuildFile; fileRef = 23CBBFBB2C8300670066AE12 /* Assets.xcassets */; };
		23CBBFC02C8300670066AE12 /* Preview Assets.xcassets in Resources */ = {isa = PBXBuildFile; fileRef = 23CBBFBF2C8300670066AE12 /* Preview Assets.xcassets */; };
		23CBBFCA2C8300670066AE12 /* WizNoteTests.swift in Sources */ = {isa = PBXBuildFile; fileRef = 23CBBFC92C8300670066AE12 /* WizNoteTests.swift */; };
		23CBBFD42C8300670066AE12 /* WizNoteUITests.swift in Sources */ = {isa = PBXBuildFile; fileRef = 23CBBFD32C8300670066AE12 /* WizNoteUITests.swift */; };
		23CBBFD62C8300670066AE12 /* WizNoteUITestsLaunchTests.swift in Sources */ = {isa = PBXBuildFile; fileRef = 23CBBFD52C8300670066AE12 /* WizNoteUITestsLaunchTests.swift */; };
/* End PBXBuildFile section */

/* Begin PBXContainerItemProxy section */
		23CBBFC62C8300670066AE12 /* PBXContainerItemProxy */ = {
			isa = PBXContainerItemProxy;
			containerPortal = 23CBBFAC2C8300660066AE12 /* Project object */;
			proxyType = 1;
			remoteGlobalIDString = 23CBBFB32C8300660066AE12;
			remoteInfo = WizNotes;
		};
		23CBBFD02C8300670066AE12 /* PBXContainerItemProxy */ = {
			isa = PBXContainerItemProxy;
			containerPortal = 23CBBFAC2C8300660066AE12 /* Project object */;
			proxyType = 1;
			remoteGlobalIDString = 23CBBFB32C8300660066AE12;
			remoteInfo = WizNotes;
		};
/* End PBXContainerItemProxy section */

/* Begin PBXFileReference section */
		231A44812C83199C0004E2B2 /* WizNoteIcon.png */ = {isa = PBXFileReference; lastKnownFileType = image.png; path = WizNoteIcon.png; sourceTree = "<group>"; };
		23CBBFB42C8300660066AE12 /* WizNote.app */ = {isa = PBXFileReference; explicitFileType = wrapper.application; includeInIndex = 0; path = WizNote.app; sourceTree = BUILT_PRODUCTS_DIR; };
		23CBBFB72C8300660066AE12 /* WizNoteApp.swift */ = {isa = PBXFileReference; lastKnownFileType = sourcecode.swift; path = WizNoteApp.swift; sourceTree = "<group>"; };
		23CBBFB92C8300660066AE12 /* ContentView.swift */ = {isa = PBXFileReference; lastKnownFileType = sourcecode.swift; path = ContentView.swift; sourceTree = "<group>"; };
		23CBBFBB2C8300670066AE12 /* Assets.xcassets */ = {isa = PBXFileReference; lastKnownFileType = folder.assetcatalog; path = Assets.xcassets; sourceTree = "<group>"; };
		23CBBFBD2C8300670066AE12 /* WizNote.entitlements */ = {isa = PBXFileReference; lastKnownFileType = text.plist.entitlements; path = WizNote.entitlements; sourceTree = "<group>"; };
		23CBBFBF2C8300670066AE12 /* Preview Assets.xcassets */ = {isa = PBXFileReference; lastKnownFileType = folder.assetcatalog; path = "Preview Assets.xcassets"; sourceTree = "<group>"; };
		23CBBFC52C8300670066AE12 /* WizNoteTests.xctest */ = {isa = PBXFileReference; explicitFileType = wrapper.cfbundle; includeInIndex = 0; path = WizNoteTests.xctest; sourceTree = BUILT_PRODUCTS_DIR; };
		23CBBFC92C8300670066AE12 /* WizNoteTests.swift */ = {isa = PBXFileReference; lastKnownFileType = sourcecode.swift; path = WizNoteTests.swift; sourceTree = "<group>"; };
		23CBBFCF2C8300670066AE12 /* WizNoteUITests.xctest */ = {isa = PBXFileReference; explicitFileType = wrapper.cfbundle; includeInIndex = 0; path = WizNoteUITests.xctest; sourceTree = BUILT_PRODUCTS_DIR; };
		23CBBFD32C8300670066AE12 /* WizNoteUITests.swift */ = {isa = PBXFileReference; lastKnownFileType = sourcecode.swift; path = WizNoteUITests.swift; sourceTree = "<group>"; };
		23CBBFD52C8300670066AE12 /* WizNoteUITestsLaunchTests.swift */ = {isa = PBXFileReference; lastKnownFileType = sourcecode.swift; path = WizNoteUITestsLaunchTests.swift; sourceTree = "<group>"; };
/* End PBXFileReference section */

/* Begin PBXFrameworksBuildPhase section */
		23CBBFB12C8300660066AE12 /* Frameworks */ = {
			isa = PBXFrameworksBuildPhase;
			buildActionMask = 2147483647;
			files = (
			);
			runOnlyForDeploymentPostprocessing = 0;
		};
		23CBBFC22C8300670066AE12 /* Frameworks */ = {
			isa = PBXFrameworksBuildPhase;
			buildActionMask = 2147483647;
			files = (
			);
			runOnlyForDeploymentPostprocessing = 0;
		};
		23CBBFCC2C8300670066AE12 /* Frameworks */ = {
			isa = PBXFrameworksBuildPhase;
			buildActionMask = 2147483647;
			files = (
			);
			runOnlyForDeploymentPostprocessing = 0;
		};
/* End PBXFrameworksBuildPhase section */

/* Begin PBXGroup section */
		23CBBFAB2C8300660066AE12 = {
			isa = PBXGroup;
			children = (
				23CBBFB62C8300660066AE12 /* WizNote */,
				23CBBFC82C8300670066AE12 /* WizNoteTests */,
				23CBBFD22C8300670066AE12 /* WizNoteUITests */,
				23CBBFB52C8300660066AE12 /* Products */,
			);
			sourceTree = "<group>";
		};
		23CBBFB52C8300660066AE12 /* Products */ = {
			isa = PBXGroup;
			children = (
				23CBBFB42C8300660066AE12 /* WizNote.app */,
				23CBBFC52C8300670066AE12 /* WizNoteTests.xctest */,
				23CBBFCF2C8300670066AE12 /* WizNoteUITests.xctest */,
			);
			name = Products;
			sourceTree = "<group>";
		};
		23CBBFB62C8300660066AE12 /* WizNote */ = {
			isa = PBXGroup;
			children = (
				23CBBFB72C8300660066AE12 /* WizNoteApp.swift */,
				23CBBFB92C8300660066AE12 /* ContentView.swift */,
				23CBBFBB2C8300670066AE12 /* Assets.xcassets */,
				23CBBFBD2C8300670066AE12 /* WizNote.entitlements */,
				23CBBFBE2C8300670066AE12 /* Preview Content */,
			);
			path = WizNote;
			sourceTree = "<group>";
		};
		23CBBFBE2C8300670066AE12 /* Preview Content */ = {
			isa = PBXGroup;
			children = (
				231A44812C83199C0004E2B2 /* WizNoteIcon.png */,
				23CBBFBF2C8300670066AE12 /* Preview Assets.xcassets */,
			);
			path = "Preview Content";
			sourceTree = "<group>";
		};
		23CBBFC82C8300670066AE12 /* WizNoteTests */ = {
			isa = PBXGroup;
			children = (
				23CBBFC92C8300670066AE12 /* WizNoteTests.swift */,
			);
			path = WizNoteTests;
			sourceTree = "<group>";
		};
		23CBBFD22C8300670066AE12 /* WizNoteUITests */ = {
			isa = PBXGroup;
			children = (
				23CBBFD32C8300670066AE12 /* WizNoteUITests.swift */,
				23CBBFD52C8300670066AE12 /* WizNoteUITestsLaunchTests.swift */,
			);
			path = WizNoteUITests;
			sourceTree = "<group>";
		};
/* End PBXGroup section */

/* Begin PBXNativeTarget section */
		23CBBFB32C8300660066AE12 /* WizNote */ = {
			isa = PBXNativeTarget;
			buildConfigurationList = 23CBBFD92C8300670066AE12 /* Build configuration list for PBXNativeTarget "WizNote" */;
			buildPhases = (
				23CBBFB02C8300660066AE12 /* Sources */,
				23CBBFB12C8300660066AE12 /* Frameworks */,
				23CBBFB22C8300660066AE12 /* Resources */,
			);
			buildRules = (
			);
			dependencies = (
			);
			name = WizNote;
			productName = WizNotes;
			productReference = 23CBBFB42C8300660066AE12 /* WizNote.app */;
			productType = "com.apple.product-type.application";
		};
		23CBBFC42C8300670066AE12 /* WizNoteTests */ = {
			isa = PBXNativeTarget;
			buildConfigurationList = 23CBBFDC2C8300670066AE12 /* Build configuration list for PBXNativeTarget "WizNoteTests" */;
			buildPhases = (
				23CBBFC12C8300670066AE12 /* Sources */,
				23CBBFC22C8300670066AE12 /* Frameworks */,
				23CBBFC32C8300670066AE12 /* Resources */,
			);
			buildRules = (
			);
			dependencies = (
				23CBBFC72C8300670066AE12 /* PBXTargetDependency */,
			);
			name = WizNoteTests;
			productName = WizNotesTests;
			productReference = 23CBBFC52C8300670066AE12 /* WizNoteTests.xctest */;
			productType = "com.apple.product-type.bundle.unit-test";
		};
		23CBBFCE2C8300670066AE12 /* WizNoteUITests */ = {
			isa = PBXNativeTarget;
			buildConfigurationList = 23CBBFDF2C8300670066AE12 /* Build configuration list for PBXNativeTarget "WizNoteUITests" */;
			buildPhases = (
				23CBBFCB2C8300670066AE12 /* Sources */,
				23CBBFCC2C8300670066AE12 /* Frameworks */,
				23CBBFCD2C8300670066AE12 /* Resources */,
			);
			buildRules = (
			);
			dependencies = (
				23CBBFD12C8300670066AE12 /* PBXTargetDependency */,
			);
			name = WizNoteUITests;
			productName = WizNotesUITests;
			productReference = 23CBBFCF2C8300670066AE12 /* WizNoteUITests.xctest */;
			productType = "com.apple.product-type.bundle.ui-testing";
		};
/* End PBXNativeTarget section */

/* Begin PBXProject section */
		23CBBFAC2C8300660066AE12 /* Project object */ = {
			isa = PBXProject;
			attributes = {
				BuildIndependentTargetsInParallel = 1;
				LastSwiftUpdateCheck = 1540;
				LastUpgradeCheck = 1540;
				TargetAttributes = {
					23CBBFB32C8300660066AE12 = {
						CreatedOnToolsVersion = 15.4;
					};
					23CBBFC42C8300670066AE12 = {
						CreatedOnToolsVersion = 15.4;
						TestTargetID = 23CBBFB32C8300660066AE12;
					};
					23CBBFCE2C8300670066AE12 = {
						CreatedOnToolsVersion = 15.4;
						TestTargetID = 23CBBFB32C8300660066AE12;
					};
				};
			};
			buildConfigurationList = 23CBBFAF2C8300660066AE12 /* Build configuration list for PBXProject "WizNote" */;
			compatibilityVersion = "Xcode 14.0";
			developmentRegion = en;
			hasScannedForEncodings = 0;
			knownRegions = (
				en,
				Base,
			);
			mainGroup = 23CBBFAB2C8300660066AE12;
			productRefGroup = 23CBBFB52C8300660066AE12 /* Products */;
			projectDirPath = "";
			projectRoot = "";
			targets = (
				23CBBFB32C8300660066AE12 /* WizNote */,
				23CBBFC42C8300670066AE12 /* WizNoteTests */,
				23CBBFCE2C8300670066AE12 /* WizNoteUITests */,
			);
		};
/* End PBXProject section */

/* Begin PBXResourcesBuildPhase section */
		23CBBFB22C8300660066AE12 /* Resources */ = {
			isa = PBXResourcesBuildPhase;
			buildActionMask = 2147483647;
			files = (
				23CBBFC02C8300670066AE12 /* Preview Assets.xcassets in Resources */,
				23CBBFBC2C8300670066AE12 /* Assets.xcassets in Resources */,
			);
			runOnlyForDeploymentPostprocessing = 0;
		};
		23CBBFC32C8300670066AE12 /* Resources */ = {
			isa = PBXResourcesBuildPhase;
			buildActionMask = 2147483647;
			files = (
			);
			runOnlyForDeploymentPostprocessing = 0;
		};
		23CBBFCD2C8300670066AE12 /* Resources */ = {
			isa = PBXResourcesBuildPhase;
			buildActionMask = 2147483647;
			files = (
			);
			runOnlyForDeploymentPostprocessing = 0;
		};
/* End PBXResourcesBuildPhase section */

/* Begin PBXSourcesBuildPhase section */
		23CBBFB02C8300660066AE12 /* Sources */ = {
			isa = PBXSourcesBuildPhase;
			buildActionMask = 2147483647;
			files = (
				23CBBFBA2C8300660066AE12 /* ContentView.swift in Sources */,
				23CBBFB82C8300660066AE12 /* WizNoteApp.swift in Sources */,
			);
			runOnlyForDeploymentPostprocessing = 0;
		};
		23CBBFC12C8300670066AE12 /* Sources */ = {
			isa = PBXSourcesBuildPhase;
			buildActionMask = 2147483647;
			files = (
				23CBBFCA2C8300670066AE12 /* WizNoteTests.swift in Sources */,
			);
			runOnlyForDeploymentPostprocessing = 0;
		};
		23CBBFCB2C8300670066AE12 /* Sources */ = {
			isa = PBXSourcesBuildPhase;
			buildActionMask = 2147483647;
			files = (
				23CBBFD62C8300670066AE12 /* WizNoteUITestsLaunchTests.swift in Sources */,
				23CBBFD42C8300670066AE12 /* WizNoteUITests.swift in Sources */,
			);
			runOnlyForDeploymentPostprocessing = 0;
		};
/* End PBXSourcesBuildPhase section */

/* Begin PBXTargetDependency section */
		23CBBFC72C8300670066AE12 /* PBXTargetDependency */ = {
			isa = PBXTargetDependency;
			target = 23CBBFB32C8300660066AE12 /* WizNote */;
			targetProxy = 23CBBFC62C8300670066AE12 /* PBXContainerItemProxy */;
		};
		23CBBFD12C8300670066AE12 /* PBXTargetDependency */ = {
			isa = PBXTargetDependency;
			target = 23CBBFB32C8300660066AE12 /* WizNote */;
			targetProxy = 23CBBFD02C8300670066AE12 /* PBXContainerItemProxy */;
		};
/* End PBXTargetDependency section */

/* Begin XCBuildConfiguration section */
		23CBBFD72C8300670066AE12 /* Debug */ = {
			isa = XCBuildConfiguration;
			buildSettings = {
				ALWAYS_SEARCH_USER_PATHS = NO;
				ASSETCATALOG_COMPILER_GENERATE_SWIFT_ASSET_SYMBOL_EXTENSIONS = YES;
				CLANG_ANALYZER_NONNULL = YES;
				CLANG_ANALYZER_NUMBER_OBJECT_CONVERSION = YES_AGGRESSIVE;
				CLANG_CXX_LANGUAGE_STANDARD = "gnu++20";
				CLANG_ENABLE_MODULES = YES;
				CLANG_ENABLE_OBJC_ARC = YES;
				CLANG_ENABLE_OBJC_WEAK = YES;
				CLANG_WARN_BLOCK_CAPTURE_AUTORELEASING = YES;
				CLANG_WARN_BOOL_CONVERSION = YES;
				CLANG_WARN_COMMA = YES;
				CLANG_WARN_CONSTANT_CONVERSION = YES;
				CLANG_WARN_DEPRECATED_OBJC_IMPLEMENTATIONS = YES;
				CLANG_WARN_DIRECT_OBJC_ISA_USAGE = YES_ERROR;
				CLANG_WARN_DOCUMENTATION_COMMENTS = YES;
				CLANG_WARN_EMPTY_BODY = YES;
				CLANG_WARN_ENUM_CONVERSION = YES;
				CLANG_WARN_INFINITE_RECURSION = YES;
				CLANG_WARN_INT_CONVERSION = YES;
				CLANG_WARN_NON_LITERAL_NULL_CONVERSION = YES;
				CLANG_WARN_OBJC_IMPLICIT_RETAIN_SELF = YES;
				CLANG_WARN_OBJC_LITERAL_CONVERSION = YES;
				CLANG_WARN_OBJC_ROOT_CLASS = YES_ERROR;
				CLANG_WARN_QUOTED_INCLUDE_IN_FRAMEWORK_HEADER = YES;
				CLANG_WARN_RANGE_LOOP_ANALYSIS = YES;
				CLANG_WARN_STRICT_PROTOTYPES = YES;
				CLANG_WARN_SUSPICIOUS_MOVE = YES;
				CLANG_WARN_UNGUARDED_AVAILABILITY = YES_AGGRESSIVE;
				CLANG_WARN_UNREACHABLE_CODE = YES;
				CLANG_WARN__DUPLICATE_METHOD_MATCH = YES;
				COPY_PHASE_STRIP = NO;
				DEBUG_INFORMATION_FORMAT = dwarf;
				ENABLE_STRICT_OBJC_MSGSEND = YES;
				ENABLE_TESTABILITY = YES;
				ENABLE_USER_SCRIPT_SANDBOXING = YES;
				GCC_C_LANGUAGE_STANDARD = gnu17;
				GCC_DYNAMIC_NO_PIC = NO;
				GCC_NO_COMMON_BLOCKS = YES;
				GCC_OPTIMIZATION_LEVEL = 0;
				GCC_PREPROCESSOR_DEFINITIONS = (
					"DEBUG=1",
					"$(inherited)",
				);
				GCC_WARN_64_TO_32_BIT_CONVERSION = YES;
				GCC_WARN_ABOUT_RETURN_TYPE = YES_ERROR;
				GCC_WARN_UNDECLARED_SELECTOR = YES;
				GCC_WARN_UNINITIALIZED_AUTOS = YES_AGGRESSIVE;
				GCC_WARN_UNUSED_FUNCTION = YES;
				GCC_WARN_UNUSED_VARIABLE = YES;
				LOCALIZATION_PREFERS_STRING_CATALOGS = YES;
				MTL_ENABLE_DEBUG_INFO = INCLUDE_SOURCE;
				MTL_FAST_MATH = YES;
				ONLY_ACTIVE_ARCH = YES;
				SWIFT_ACTIVE_COMPILATION_CONDITIONS = "DEBUG $(inherited)";
				SWIFT_OPTIMIZATION_LEVEL = "-Onone";
			};
			name = Debug;
		};
		23CBBFD82C8300670066AE12 /* Release */ = {
			isa = XCBuildConfiguration;
			buildSettings = {
				ALWAYS_SEARCH_USER_PATHS = NO;
				ASSETCATALOG_COMPILER_GENERATE_SWIFT_ASSET_SYMBOL_EXTENSIONS = YES;
				CLANG_ANALYZER_NONNULL = YES;
				CLANG_ANALYZER_NUMBER_OBJECT_CONVERSION = YES_AGGRESSIVE;
				CLANG_CXX_LANGUAGE_STANDARD = "gnu++20";
				CLANG_ENABLE_MODULES = YES;
				CLANG_ENABLE_OBJC_ARC = YES;
				CLANG_ENABLE_OBJC_WEAK = YES;
				CLANG_WARN_BLOCK_CAPTURE_AUTORELEASING = YES;
				CLANG_WARN_BOOL_CONVERSION = YES;
				CLANG_WARN_COMMA = YES;
				CLANG_WARN_CONSTANT_CONVERSION = YES;
				CLANG_WARN_DEPRECATED_OBJC_IMPLEMENTATIONS = YES;
				CLANG_WARN_DIRECT_OBJC_ISA_USAGE = YES_ERROR;
				CLANG_WARN_DOCUMENTATION_COMMENTS = YES;
				CLANG_WARN_EMPTY_BODY = YES;
				CLANG_WARN_ENUM_CONVERSION = YES;
				CLANG_WARN_INFINITE_RECURSION = YES;
				CLANG_WARN_INT_CONVERSION = YES;
				CLANG_WARN_NON_LITERAL_NULL_CONVERSION = YES;
				CLANG_WARN_OBJC_IMPLICIT_RETAIN_SELF = YES;
				CLANG_WARN_OBJC_LITERAL_CONVERSION = YES;
				CLANG_WARN_OBJC_ROOT_CLASS = YES_ERROR;
				CLANG_WARN_QUOTED_INCLUDE_IN_FRAMEWORK_HEADER = YES;
				CLANG_WARN_RANGE_LOOP_ANALYSIS = YES;
				CLANG_WARN_STRICT_PROTOTYPES = YES;
				CLANG_WARN_SUSPICIOUS_MOVE = YES;
				CLANG_WARN_UNGUARDED_AVAILABILITY = YES_AGGRESSIVE;
				CLANG_WARN_UNREACHABLE_CODE = YES;
				CLANG_WARN__DUPLICATE_METHOD_MATCH = YES;
				COPY_PHASE_STRIP = NO;
				DEBUG_INFORMATION_FORMAT = "dwarf-with-dsym";
				ENABLE_NS_ASSERTIONS = NO;
				ENABLE_STRICT_OBJC_MSGSEND = YES;
				ENABLE_USER_SCRIPT_SANDBOXING = YES;
				GCC_C_LANGUAGE_STANDARD = gnu17;
				GCC_NO_COMMON_BLOCKS = YES;
				GCC_WARN_64_TO_32_BIT_CONVERSION = YES;
				GCC_WARN_ABOUT_RETURN_TYPE = YES_ERROR;
				GCC_WARN_UNDECLARED_SELECTOR = YES;
				GCC_WARN_UNINITIALIZED_AUTOS = YES_AGGRESSIVE;
				GCC_WARN_UNUSED_FUNCTION = YES;
				GCC_WARN_UNUSED_VARIABLE = YES;
				LOCALIZATION_PREFERS_STRING_CATALOGS = YES;
				MTL_ENABLE_DEBUG_INFO = NO;
				MTL_FAST_MATH = YES;
				SWIFT_COMPILATION_MODE = wholemodule;
			};
			name = Release;
		};
		23CBBFDA2C8300670066AE12 /* Debug */ = {
			isa = XCBuildConfiguration;
			buildSettings = {
				ASSETCATALOG_COMPILER_APPICON_NAME = AppIcon;
				ASSETCATALOG_COMPILER_GLOBAL_ACCENT_COLOR_NAME = AccentColor;
				CODE_SIGN_ENTITLEMENTS = WizNote/WizNote.entitlements;
				CODE_SIGN_IDENTITY = "Apple Development";
				"CODE_SIGN_IDENTITY[sdk=macosx*]" = "-";
				CODE_SIGN_STYLE = Manual;
				CURRENT_PROJECT_VERSION = 1;
				DEVELOPMENT_ASSET_PATHS = "\"WizNote/Preview Content\"";
				DEVELOPMENT_TEAM = "";
				"ENABLE_HARDENED_RUNTIME[sdk=macosx*]" = YES;
				ENABLE_PREVIEWS = YES;
				GENERATE_INFOPLIST_FILE = YES;
				"INFOPLIST_KEY_UIApplicationSceneManifest_Generation[sdk=iphoneos*]" = YES;
				"INFOPLIST_KEY_UIApplicationSceneManifest_Generation[sdk=iphonesimulator*]" = YES;
				"INFOPLIST_KEY_UIApplicationSupportsIndirectInputEvents[sdk=iphoneos*]" = YES;
				"INFOPLIST_KEY_UIApplicationSupportsIndirectInputEvents[sdk=iphonesimulator*]" = YES;
				"INFOPLIST_KEY_UILaunchScreen_Generation[sdk=iphoneos*]" = YES;
				"INFOPLIST_KEY_UILaunchScreen_Generation[sdk=iphonesimulator*]" = YES;
				"INFOPLIST_KEY_UIStatusBarStyle[sdk=iphoneos*]" = UIStatusBarStyleDefault;
				"INFOPLIST_KEY_UIStatusBarStyle[sdk=iphonesimulator*]" = UIStatusBarStyleDefault;
				INFOPLIST_KEY_UISupportedInterfaceOrientations_iPad = "UIInterfaceOrientationPortrait UIInterfaceOrientationPortraitUpsideDown UIInterfaceOrientationLandscapeLeft UIInterfaceOrientationLandscapeRight";
				INFOPLIST_KEY_UISupportedInterfaceOrientations_iPhone = "UIInterfaceOrientationPortrait UIInterfaceOrientationLandscapeLeft UIInterfaceOrientationLandscapeRight";
				IPHONEOS_DEPLOYMENT_TARGET = 17.5;
				LD_RUNPATH_SEARCH_PATHS = "@executable_path/Frameworks";
				"LD_RUNPATH_SEARCH_PATHS[sdk=macosx*]" = "@executable_path/../Frameworks";
				MACOSX_DEPLOYMENT_TARGET = 14.0;
				MARKETING_VERSION = 1.0;
				PRODUCT_BUNDLE_IDENTIFIER = sickuritywizard.WizNotes;
				PRODUCT_NAME = "$(TARGET_NAME)";
				PROVISIONING_PROFILE_SPECIFIER = "";
				SDKROOT = auto;
				SUPPORTED_PLATFORMS = "iphoneos iphonesimulator macosx";
				SWIFT_EMIT_LOC_STRINGS = YES;
				SWIFT_VERSION = 5.0;
				TARGETED_DEVICE_FAMILY = "1,2";
			};
			name = Debug;
		};
		23CBBFDB2C8300670066AE12 /* Release */ = {
			isa = XCBuildConfiguration;
			buildSettings = {
				ASSETCATALOG_COMPILER_APPICON_NAME = AppIcon;
				ASSETCATALOG_COMPILER_GLOBAL_ACCENT_COLOR_NAME = AccentColor;
				CODE_SIGN_ENTITLEMENTS = WizNote/WizNote.entitlements;
				CODE_SIGN_IDENTITY = "Apple Development";
				"CODE_SIGN_IDENTITY[sdk=macosx*]" = "-";
				CODE_SIGN_STYLE = Manual;
				CURRENT_PROJECT_VERSION = 1;
				DEVELOPMENT_ASSET_PATHS = "\"WizNote/Preview Content\"";
				DEVELOPMENT_TEAM = "";
				"ENABLE_HARDENED_RUNTIME[sdk=macosx*]" = YES;
				ENABLE_PREVIEWS = YES;
				GENERATE_INFOPLIST_FILE = YES;
				"INFOPLIST_KEY_UIApplicationSceneManifest_Generation[sdk=iphoneos*]" = YES;
				"INFOPLIST_KEY_UIApplicationSceneManifest_Generation[sdk=iphonesimulator*]" = YES;
				"INFOPLIST_KEY_UIApplicationSupportsIndirectInputEvents[sdk=iphoneos*]" = YES;
				"INFOPLIST_KEY_UIApplicationSupportsIndirectInputEvents[sdk=iphonesimulator*]" = YES;
				"INFOPLIST_KEY_UILaunchScreen_Generation[sdk=iphoneos*]" = YES;
				"INFOPLIST_KEY_UILaunchScreen_Generation[sdk=iphonesimulator*]" = YES;
				"INFOPLIST_KEY_UIStatusBarStyle[sdk=iphoneos*]" = UIStatusBarStyleDefault;
				"INFOPLIST_KEY_UIStatusBarStyle[sdk=iphonesimulator*]" = UIStatusBarStyleDefault;
				INFOPLIST_KEY_UISupportedInterfaceOrientations_iPad = "UIInterfaceOrientationPortrait UIInterfaceOrientationPortraitUpsideDown UIInterfaceOrientationLandscapeLeft UIInterfaceOrientationLandscapeRight";
				INFOPLIST_KEY_UISupportedInterfaceOrientations_iPhone = "UIInterfaceOrientationPortrait UIInterfaceOrientationLandscapeLeft UIInterfaceOrientationLandscapeRight";
				IPHONEOS_DEPLOYMENT_TARGET = 17.5;
				LD_RUNPATH_SEARCH_PATHS = "@executable_path/Frameworks";
				"LD_RUNPATH_SEARCH_PATHS[sdk=macosx*]" = "@executable_path/../Frameworks";
				MACOSX_DEPLOYMENT_TARGET = 14.0;
				MARKETING_VERSION = 1.0;
				PRODUCT_BUNDLE_IDENTIFIER = sickuritywizard.WizNotes;
				PRODUCT_NAME = "$(TARGET_NAME)";
				PROVISIONING_PROFILE_SPECIFIER = "";
				SDKROOT = auto;
				SUPPORTED_PLATFORMS = "iphoneos iphonesimulator macosx";
				SWIFT_EMIT_LOC_STRINGS = YES;
				SWIFT_VERSION = 5.0;
				TARGETED_DEVICE_FAMILY = "1,2";
			};
			name = Release;
		};
		23CBBFDD2C8300670066AE12 /* Debug */ = {
			isa = XCBuildConfiguration;
			buildSettings = {
				ALWAYS_EMBED_SWIFT_STANDARD_LIBRARIES = YES;
				BUNDLE_LOADER = "$(TEST_HOST)";
				CODE_SIGN_STYLE = Automatic;
				CURRENT_PROJECT_VERSION = 1;
				GENERATE_INFOPLIST_FILE = YES;
				IPHONEOS_DEPLOYMENT_TARGET = 17.5;
				MACOSX_DEPLOYMENT_TARGET = 14.5;
				MARKETING_VERSION = 1.0;
				PRODUCT_BUNDLE_IDENTIFIER = com.sickuritywizard.WizNotesTests;
				PRODUCT_NAME = "$(TARGET_NAME)";
				SDKROOT = auto;
				SUPPORTED_PLATFORMS = "iphoneos iphonesimulator macosx";
				SWIFT_EMIT_LOC_STRINGS = NO;
				SWIFT_VERSION = 5.0;
				TARGETED_DEVICE_FAMILY = "1,2";
				TEST_HOST = "$(BUILT_PRODUCTS_DIR)/WizNote.app/$(BUNDLE_EXECUTABLE_FOLDER_PATH)/WizNote";
			};
			name = Debug;
		};
		23CBBFDE2C8300670066AE12 /* Release */ = {
			isa = XCBuildConfiguration;
			buildSettings = {
				ALWAYS_EMBED_SWIFT_STANDARD_LIBRARIES = YES;
				BUNDLE_LOADER = "$(TEST_HOST)";
				CODE_SIGN_STYLE = Automatic;
				CURRENT_PROJECT_VERSION = 1;
				GENERATE_INFOPLIST_FILE = YES;
				IPHONEOS_DEPLOYMENT_TARGET = 17.5;
				MACOSX_DEPLOYMENT_TARGET = 14.5;
				MARKETING_VERSION = 1.0;
				PRODUCT_BUNDLE_IDENTIFIER = com.sickuritywizard.WizNotesTests;
				PRODUCT_NAME = "$(TARGET_NAME)";
				SDKROOT = auto;
				SUPPORTED_PLATFORMS = "iphoneos iphonesimulator macosx";
				SWIFT_EMIT_LOC_STRINGS = NO;
				SWIFT_VERSION = 5.0;
				TARGETED_DEVICE_FAMILY = "1,2";
				TEST_HOST = "$(BUILT_PRODUCTS_DIR)/WizNote.app/$(BUNDLE_EXECUTABLE_FOLDER_PATH)/WizNote";
			};
			name = Release;
		};
		23CBBFE02C8300670066AE12 /* Debug */ = {
			isa = XCBuildConfiguration;
			buildSettings = {
				ALWAYS_EMBED_SWIFT_STANDARD_LIBRARIES = YES;
				CODE_SIGN_STYLE = Automatic;
				CURRENT_PROJECT_VERSION = 1;
				GENERATE_INFOPLIST_FILE = YES;
				IPHONEOS_DEPLOYMENT_TARGET = 17.5;
				MACOSX_DEPLOYMENT_TARGET = 14.5;
				MARKETING_VERSION = 1.0;
				PRODUCT_BUNDLE_IDENTIFIER = com.sickuritywizard.WizNotesUITests;
				PRODUCT_NAME = "$(TARGET_NAME)";
				SDKROOT = auto;
				SUPPORTED_PLATFORMS = "iphoneos iphonesimulator macosx";
				SWIFT_EMIT_LOC_STRINGS = NO;
				SWIFT_VERSION = 5.0;
				TARGETED_DEVICE_FAMILY = "1,2";
				TEST_TARGET_NAME = WizNotes;
			};
			name = Debug;
		};
		23CBBFE12C8300670066AE12 /* Release */ = {
			isa = XCBuildConfiguration;
			buildSettings = {
				ALWAYS_EMBED_SWIFT_STANDARD_LIBRARIES = YES;
				CODE_SIGN_STYLE = Automatic;
				CURRENT_PROJECT_VERSION = 1;
				GENERATE_INFOPLIST_FILE = YES;
				IPHONEOS_DEPLOYMENT_TARGET = 17.5;
				MACOSX_DEPLOYMENT_TARGET = 14.5;
				MARKETING_VERSION = 1.0;
				PRODUCT_BUNDLE_IDENTIFIER = com.sickuritywizard.WizNotesUITests;
				PRODUCT_NAME = "$(TARGET_NAME)";
				SDKROOT = auto;
				SUPPORTED_PLATFORMS = "iphoneos iphonesimulator macosx";
				SWIFT_EMIT_LOC_STRINGS = NO;
				SWIFT_VERSION = 5.0;
				TARGETED_DEVICE_FAMILY = "1,2";
				TEST_TARGET_NAME = WizNotes;
			};
			name = Release;
		};
/* End XCBuildConfiguration section */

/* Begin XCConfigurationList section */
		23CBBFAF2C8300660066AE12 /* Build configuration list for PBXProject "WizNote" */ = {
			isa = XCConfigurationList;
			buildConfigurations = (
				23CBBFD72C8300670066AE12 /* Debug */,
				23CBBFD82C8300670066AE12 /* Release */,
			);
			defaultConfigurationIsVisible = 0;
			defaultConfigurationName = Release;
		};
		23CBBFD92C8300670066AE12 /* Build configuration list for PBXNativeTarget "WizNote" */ = {
			isa = XCConfigurationList;
			buildConfigurations = (
				23CBBFDA2C8300670066AE12 /* Debug */,
				23CBBFDB2C8300670066AE12 /* Release */,
			);
			defaultConfigurationIsVisible = 0;
			defaultConfigurationName = Release;
		};
		23CBBFDC2C8300670066AE12 /* Build configuration list for PBXNativeTarget "WizNoteTests" */ = {
			isa = XCConfigurationList;
			buildConfigurations = (
				23CBBFDD2C8300670066AE12 /* Debug */,
				23CBBFDE2C8300670066AE12 /* Release */,
			);
			defaultConfigurationIsVisible = 0;
			defaultConfigurationName = Release;
		};
		23CBBFDF2C8300670066AE12 /* Build configuration list for PBXNativeTarget "WizNoteUITests" */ = {
			isa = XCConfigurationList;
			buildConfigurations = (
				23CBBFE02C8300670066AE12 /* Debug */,
				23CBBFE12C8300670066AE12 /* Release */,
			);
			defaultConfigurationIsVisible = 0;
			defaultConfigurationName = Release;
		};
/* End XCConfigurationList section */
	};
	rootObject = 23CBBFAC2C8300660066AE12 /* Project object */;
}
